<?xml version="1.0" encoding="utf-8"?>
<Project ToolsVersion="4.0" xmlns:atg="http://atg.xbox.com" xmlns="http://schemas.microsoft.com/developer/msbuild/2003">
  <ItemGroup>
    <Filter Include="Resource Files">
      <UniqueIdentifier>{8e114980-c1a3-4ada-ad7c-83caadf5daeb}</UniqueIdentifier>
      <Extensions>rc;ico;cur;bmp;dlg;rc2;rct;bin;rgs;gif;jpg;jpeg;jpe</Extensions>
    </Filter>
    <Filter Include="DXUT">
      <UniqueIdentifier>{a43c5c25-0e86-4a20-b64a-883785ff74fd}</UniqueIdentifier>
    </Filter>
    <Filter Include="Shaders">
      <UniqueIdentifier>{2c3d4c8c-5d1a-459a-a05a-a4e4b608a44e}</UniqueIdentifier>
      <Extensions>fx;fxh;hlsl</Extensions>
    </Filter>
    <Filter Include="소스파일">
      <UniqueIdentifier>{559f38b4-e2b0-4995-bce9-3b21f7142143}</UniqueIdentifier>
    </Filter>
    <Filter Include="헤더파일">
      <UniqueIdentifier>{b2b22f46-123b-4438-8d23-46afc8b90b77}</UniqueIdentifier>
    </Filter>
    <Filter Include="헤더파일\manager">
      <UniqueIdentifier>{ba13d9e7-afd1-48d0-b2c3-8d358b8914da}</UniqueIdentifier>
    </Filter>
    <Filter Include="헤더파일\page">
      <UniqueIdentifier>{b7a2e353-a590-431c-ade7-1fe0ab82dae2}</UniqueIdentifier>
    </Filter>
    <Filter Include="헤더파일\enemy">
      <UniqueIdentifier>{b10cb02b-bffa-409d-867b-049f4d8b9318}</UniqueIdentifier>
    </Filter>
    <Filter Include="헤더파일\other">
      <UniqueIdentifier>{9003b914-a91b-4fd8-b3af-1b6c05df6f01}</UniqueIdentifier>
    </Filter>
    <Filter Include="소스파일\manager">
      <UniqueIdentifier>{b85e68b8-d0b5-4e9b-9b34-f89cad40f167}</UniqueIdentifier>
    </Filter>
    <Filter Include="소스파일\page">
      <UniqueIdentifier>{a2734e9f-2458-4c5b-9990-a28e17e38a50}</UniqueIdentifier>
    </Filter>
    <Filter Include="소스파일\other">
      <UniqueIdentifier>{c457c735-bbdd-4dba-95bc-6d12a320259d}</UniqueIdentifier>
    </Filter>
    <Filter Include="소스파일\enemy">
      <UniqueIdentifier>{15c23bd9-8059-4ec9-8708-133d71aae1e1}</UniqueIdentifier>
    </Filter>
  </ItemGroup>
  <ItemGroup>
    <None Include="..\..\DXUT\Optional\directx.ico">
      <Filter>Resource Files</Filter>
    </None>
    <ClInclude Include="DXUT\Core\DXUT.h">
      <Filter>DXUT</Filter>
    </ClInclude>
    <ClInclude Include="DXUT\Core\DXUTenum.h">
      <Filter>DXUT</Filter>
    </ClInclude>
    <ClInclude Include="DXUT\Core\DXUTmisc.h">
      <Filter>DXUT</Filter>
    </ClInclude>
    <ClCompile Include="DXUT\Core\DXUT.cpp">
      <Filter>DXUT</Filter>
    </ClCompile>
    <ClCompile Include="DXUT\Core\DXUTenum.cpp">
      <Filter>DXUT</Filter>
    </ClCompile>
    <ClCompile Include="DXUT\Core\DXUTmisc.cpp">
      <Filter>DXUT</Filter>
    </ClCompile>
    <ClInclude Include="DXUT\Optional\DXUTcamera.h">
      <Filter>DXUT</Filter>
    </ClInclude>
    <ClInclude Include="DXUT\Optional\DXUTgui.h">
      <Filter>DXUT</Filter>
    </ClInclude>
    <ClInclude Include="DXUT\Optional\DXUTres.h">
      <Filter>DXUT</Filter>
    </ClInclude>
    <ClInclude Include="DXUT\Optional\DXUTsettingsdlg.h">
      <Filter>DXUT</Filter>
    </ClInclude>
    <ClInclude Include="DXUT\Optional\SDKmesh.h">
      <Filter>DXUT</Filter>
    </ClInclude>
    <ClInclude Include="DXUT\Optional\SDKmisc.h">
      <Filter>DXUT</Filter>
    </ClInclude>
    <ClCompile Include="DXUT\Optional\DXUTcamera.cpp">
      <Filter>DXUT</Filter>
    </ClCompile>
    <ClCompile Include="DXUT\Optional\DXUTgui.cpp">
      <Filter>DXUT</Filter>
    </ClCompile>
    <ClCompile Include="DXUT\Optional\DXUTres.cpp">
      <Filter>DXUT</Filter>
    </ClCompile>
    <ClCompile Include="DXUT\Optional\DXUTsettingsdlg.cpp">
      <Filter>DXUT</Filter>
    </ClCompile>
    <ClCompile Include="DXUT\Optional\SDKmesh.cpp">
      <Filter>DXUT</Filter>
    </ClCompile>
    <ClCompile Include="DXUT\Optional\SDKmisc.cpp">
      <Filter>DXUT</Filter>
    </ClCompile>
  </ItemGroup>
  <ItemGroup>
    <ClCompile Include="file_manager.cpp">
      <Filter>소스파일\manager</Filter>
    </ClCompile>
    <ClCompile Include="first_game_page.cpp">
      <Filter>소스파일\page</Filter>
    </ClCompile>
    <ClCompile Include="input_page.cpp">
      <Filter>소스파일\page</Filter>
    </ClCompile>
    <ClCompile Include="intro_page.cpp">
      <Filter>소스파일\page</Filter>
    </ClCompile>
    <ClCompile Include="manual_page.cpp">
      <Filter>소스파일\page</Filter>
    </ClCompile>
    <ClCompile Include="ranking_page.cpp">
      <Filter>소스파일\page</Filter>
    </ClCompile>
    <ClCompile Include="second_game_page.cpp">
      <Filter>소스파일\page</Filter>
    </ClCompile>
    <ClCompile Include="title_page.cpp">
      <Filter>소스파일\page</Filter>
    </ClCompile>
    <ClCompile Include="move_enemy.cpp">
      <Filter>소스파일\enemy</Filter>
    </ClCompile>
    <ClCompile Include="size_enemy.cpp">
      <Filter>소스파일\enemy</Filter>
    </ClCompile>
    <ClCompile Include="speed_enemy.cpp">
      <Filter>소스파일\enemy</Filter>
    </ClCompile>
    <ClCompile Include="super_emeny.cpp">
      <Filter>소스파일\enemy</Filter>
    </ClCompile>
    <ClCompile Include="EmptyProject.cpp">
      <Filter>소스파일\other</Filter>
    </ClCompile>
    <ClCompile Include="item.cpp">
      <Filter>소스파일\other</Filter>
    </ClCompile>
    <ClCompile Include="player.cpp">
      <Filter>소스파일\other</Filter>
    </ClCompile>
    <ClCompile Include="page_manager.cpp">
      <Filter>소스파일\manager</Filter>
    </ClCompile>
  </ItemGroup>
  <ItemGroup>
    <ClInclude Include="calculate_manager.h">
      <Filter>헤더파일\manager</Filter>
    </ClInclude>
    <ClInclude Include="page_manager.h">
      <Filter>헤더파일\manager</Filter>
    </ClInclude>
    <ClInclude Include="first_game_page.h">
      <Filter>헤더파일\page</Filter>
    </ClInclude>
    <ClInclude Include="input_page.h">
      <Filter>헤더파일\page</Filter>
    </ClInclude>
    <ClInclude Include="intro_page.h">
      <Filter>헤더파일\page</Filter>
    </ClInclude>
    <ClInclude Include="manual_page.h">
      <Filter>헤더파일\page</Filter>
    </ClInclude>
    <ClInclude Include="ranking_page.h">
      <Filter>헤더파일\page</Filter>
    </ClInclude>
    <ClInclude Include="second_game_page.h">
      <Filter>헤더파일\page</Filter>
    </ClInclude>
    <ClInclude Include="title_page.h">
      <Filter>헤더파일\page</Filter>
    </ClInclude>
    <ClInclude Include="page.h">
      <Filter>헤더파일\page</Filter>
    </ClInclude>
    <ClInclude Include="file_manager.h">
      <Filter>헤더파일\manager</Filter>
    </ClInclude>
    <ClInclude Include="enemy.h">
      <Filter>헤더파일\enemy</Filter>
    </ClInclude>
    <ClInclude Include="move_enemy.h">
      <Filter>헤더파일\enemy</Filter>
    </ClInclude>
    <ClInclude Include="size_enemy.h">
      <Filter>헤더파일\enemy</Filter>
    </ClInclude>
    <ClInclude Include="speed_enemy.h">
      <Filter>헤더파일\enemy</Filter>
    </ClInclude>
    <ClInclude Include="super_emeny.h">
      <Filter>헤더파일\enemy</Filter>
    </ClInclude>
    <ClInclude Include="global.h">
      <Filter>헤더파일\other</Filter>
    </ClInclude>
    <ClInclude Include="item.h">
      <Filter>헤더파일\other</Filter>
    </ClInclude>
    <ClInclude Include="player.h">
      <Filter>헤더파일\other</Filter>
    </ClInclude>
  </ItemGroup>
  <ItemGroup>
    <CLInclude Include="resource.h">
      <Filter>Resource Files</Filter>
    </CLInclude>
    <ResourceCompile Include="EmptyProject.rc">
      <Filter>Resource Files</Filter>
    </ResourceCompile>
  </ItemGroup>
  <ItemGroup>
  </ItemGroup>
</Project>